// !$*UTF8*$!
{
	archiveVersion = 1;
	classes = {
	};
	objectVersion = 55;
	objects = {

/* Begin PBXBuildFile section */
		9BF94DC428C2ABA200F6D640 /* AppDelegate.swift in Sources */ = {isa = PBXBuildFile; fileRef = 9BF94DC328C2ABA200F6D640 /* AppDelegate.swift */; };
		9BF94DC628C2ABA200F6D640 /* SceneDelegate.swift in Sources */ = {isa = PBXBuildFile; fileRef = 9BF94DC528C2ABA200F6D640 /* SceneDelegate.swift */; };
		9BF94DC828C2ABA200F6D640 /* ViewController.swift in Sources */ = {isa = PBXBuildFile; fileRef = 9BF94DC728C2ABA200F6D640 /* ViewController.swift */; };
		9BF94DCB28C2ABA200F6D640 /* Main.storyboard in Resources */ = {isa = PBXBuildFile; fileRef = 9BF94DC928C2ABA200F6D640 /* Main.storyboard */; };
		9BF94DD028C2ABA300F6D640 /* LaunchScreen.storyboard in Resources */ = {isa = PBXBuildFile; fileRef = 9BF94DCE28C2ABA300F6D640 /* LaunchScreen.storyboard */; };
		9BF94DD828C2AE6400F6D640 /* HomeViewController.swift in Sources */ = {isa = PBXBuildFile; fileRef = 9BF94DD728C2AE6400F6D640 /* HomeViewController.swift */; };
		9BF94DDA28C2AE7900F6D640 /* DetailViewController.swift in Sources */ = {isa = PBXBuildFile; fileRef = 9BF94DD928C2AE7900F6D640 /* DetailViewController.swift */; };
		9BF94DDC28C2B01100F6D640 /* ViewMoreViewController.swift in Sources */ = {isa = PBXBuildFile; fileRef = 9BF94DDB28C2B01100F6D640 /* ViewMoreViewController.swift */; };
		9BF94DDE28C2BBA100F6D640 /* FavoritosViewController.swift in Sources */ = {isa = PBXBuildFile; fileRef = 9BF94DDD28C2BBA100F6D640 /* FavoritosViewController.swift */; };
		9BF94DE028C2BBB600F6D640 /* AyudaViewController.swift in Sources */ = {isa = PBXBuildFile; fileRef = 9BF94DDF28C2BBB600F6D640 /* AyudaViewController.swift */; };
		9BF94DE428C2BEE700F6D640 /* Assets.xcassets in Resources */ = {isa = PBXBuildFile; fileRef = 9BF94DE328C2BEE700F6D640 /* Assets.xcassets */; };
		C4B1568B28C39E8000C87748 /* CustomImageView.swift in Sources */ = {isa = PBXBuildFile; fileRef = C4B1568928C39E8000C87748 /* CustomImageView.swift */; };
		C4B1568C28C39E8000C87748 /* CustomUIView.swift in Sources */ = {isa = PBXBuildFile; fileRef = C4B1568A28C39E8000C87748 /* CustomUIView.swift */; };
		C4B1569228C3A85700C87748 /* movies.json in Resources */ = {isa = PBXBuildFile; fileRef = C4B1569028C3A85700C87748 /* movies.json */; };
		C4B1569328C3A85700C87748 /* genres.json in Resources */ = {isa = PBXBuildFile; fileRef = C4B1569128C3A85700C87748 /* genres.json */; };
		C4B1569628C3A9A800C87748 /* Movie.swift in Sources */ = {isa = PBXBuildFile; fileRef = C4B1569528C3A9A800C87748 /* Movie.swift */; };
		C4B1569828C3AE1C00C87748 /* MovieDataManager.swift in Sources */ = {isa = PBXBuildFile; fileRef = C4B1569728C3AE1C00C87748 /* MovieDataManager.swift */; };
		C4B1569A28C3BB6600C87748 /* Genre.swift in Sources */ = {isa = PBXBuildFile; fileRef = C4B1569928C3BB6600C87748 /* Genre.swift */; };
		C4B1569C28C3BBC700C87748 /* GenreDataManager.swift in Sources */ = {isa = PBXBuildFile; fileRef = C4B1569B28C3BBC700C87748 /* GenreDataManager.swift */; };
		C4B156A428C3CF5C00C87748 /* GenreCellCollectionViewCell.swift in Sources */ = {isa = PBXBuildFile; fileRef = C4B156A328C3CF5C00C87748 /* GenreCellCollectionViewCell.swift */; };
/* End PBXBuildFile section */

/* Begin PBXFileReference section */
		9BF94DC028C2ABA200F6D640 /* NavigationApp.app */ = {isa = PBXFileReference; explicitFileType = wrapper.application; includeInIndex = 0; path = NavigationApp.app; sourceTree = BUILT_PRODUCTS_DIR; };
		9BF94DC328C2ABA200F6D640 /* AppDelegate.swift */ = {isa = PBXFileReference; lastKnownFileType = sourcecode.swift; path = AppDelegate.swift; sourceTree = "<group>"; };
		9BF94DC528C2ABA200F6D640 /* SceneDelegate.swift */ = {isa = PBXFileReference; lastKnownFileType = sourcecode.swift; path = SceneDelegate.swift; sourceTree = "<group>"; };
		9BF94DC728C2ABA200F6D640 /* ViewController.swift */ = {isa = PBXFileReference; lastKnownFileType = sourcecode.swift; path = ViewController.swift; sourceTree = "<group>"; };
		9BF94DCA28C2ABA200F6D640 /* Base */ = {isa = PBXFileReference; lastKnownFileType = file.storyboard; name = Base; path = Base.lproj/Main.storyboard; sourceTree = "<group>"; };
		9BF94DCF28C2ABA300F6D640 /* Base */ = {isa = PBXFileReference; lastKnownFileType = file.storyboard; name = Base; path = Base.lproj/LaunchScreen.storyboard; sourceTree = "<group>"; };
		9BF94DD128C2ABA300F6D640 /* Info.plist */ = {isa = PBXFileReference; lastKnownFileType = text.plist.xml; path = Info.plist; sourceTree = "<group>"; };
		9BF94DD728C2AE6400F6D640 /* HomeViewController.swift */ = {isa = PBXFileReference; lastKnownFileType = sourcecode.swift; path = HomeViewController.swift; sourceTree = "<group>"; };
		9BF94DD928C2AE7900F6D640 /* DetailViewController.swift */ = {isa = PBXFileReference; lastKnownFileType = sourcecode.swift; path = DetailViewController.swift; sourceTree = "<group>"; };
		9BF94DDB28C2B01100F6D640 /* ViewMoreViewController.swift */ = {isa = PBXFileReference; lastKnownFileType = sourcecode.swift; path = ViewMoreViewController.swift; sourceTree = "<group>"; };
		9BF94DDD28C2BBA100F6D640 /* FavoritosViewController.swift */ = {isa = PBXFileReference; lastKnownFileType = sourcecode.swift; path = FavoritosViewController.swift; sourceTree = "<group>"; };
		9BF94DDF28C2BBB600F6D640 /* AyudaViewController.swift */ = {isa = PBXFileReference; lastKnownFileType = sourcecode.swift; path = AyudaViewController.swift; sourceTree = "<group>"; };
		9BF94DE328C2BEE700F6D640 /* Assets.xcassets */ = {isa = PBXFileReference; lastKnownFileType = folder.assetcatalog; path = Assets.xcassets; sourceTree = "<group>"; };
		C4B1568928C39E8000C87748 /* CustomImageView.swift */ = {isa = PBXFileReference; fileEncoding = 4; lastKnownFileType = sourcecode.swift; name = CustomImageView.swift; path = ../../../../../../Downloads/Archivo/CustomImageView.swift; sourceTree = "<group>"; };
		C4B1568A28C39E8000C87748 /* CustomUIView.swift */ = {isa = PBXFileReference; fileEncoding = 4; lastKnownFileType = sourcecode.swift; name = CustomUIView.swift; path = ../../../../../../Downloads/Archivo/CustomUIView.swift; sourceTree = "<group>"; };
		C4B1569028C3A85700C87748 /* movies.json */ = {isa = PBXFileReference; fileEncoding = 4; lastKnownFileType = text.json; path = movies.json; sourceTree = "<group>"; };
		C4B1569128C3A85700C87748 /* genres.json */ = {isa = PBXFileReference; fileEncoding = 4; lastKnownFileType = text.json; path = genres.json; sourceTree = "<group>"; };
		C4B1569528C3A9A800C87748 /* Movie.swift */ = {isa = PBXFileReference; lastKnownFileType = sourcecode.swift; path = Movie.swift; sourceTree = "<group>"; };
		C4B1569728C3AE1C00C87748 /* MovieDataManager.swift */ = {isa = PBXFileReference; lastKnownFileType = sourcecode.swift; path = MovieDataManager.swift; sourceTree = "<group>"; };
		C4B1569928C3BB6600C87748 /* Genre.swift */ = {isa = PBXFileReference; lastKnownFileType = sourcecode.swift; path = Genre.swift; sourceTree = "<group>"; };
		C4B1569B28C3BBC700C87748 /* GenreDataManager.swift */ = {isa = PBXFileReference; lastKnownFileType = sourcecode.swift; path = GenreDataManager.swift; sourceTree = "<group>"; };
		C4B156A328C3CF5C00C87748 /* GenreCellCollectionViewCell.swift */ = {isa = PBXFileReference; lastKnownFileType = sourcecode.swift; path = GenreCellCollectionViewCell.swift; sourceTree = "<group>"; };
/* End PBXFileReference section */

/* Begin PBXFrameworksBuildPhase section */
		9BF94DBD28C2ABA200F6D640 /* Frameworks */ = {
			isa = PBXFrameworksBuildPhase;
			buildActionMask = 2147483647;
			files = (
			);
			runOnlyForDeploymentPostprocessing = 0;
		};
/* End PBXFrameworksBuildPhase section */

/* Begin PBXGroup section */
		9BF94DB728C2ABA200F6D640 = {
			isa = PBXGroup;
			children = (
				9BF94DC228C2ABA200F6D640 /* NavigationApp */,
				9BF94DC128C2ABA200F6D640 /* Products */,
			);
			sourceTree = "<group>";
		};
		9BF94DC128C2ABA200F6D640 /* Products */ = {
			isa = PBXGroup;
			children = (
				9BF94DC028C2ABA200F6D640 /* NavigationApp.app */,
			);
			name = Products;
			sourceTree = "<group>";
		};
		9BF94DC228C2ABA200F6D640 /* NavigationApp */ = {
			isa = PBXGroup;
			children = (
				C4B1568828C39DF800C87748 /* Helpers */,
				C4B1568F28C3A85700C87748 /* Data */,
				C4B1569428C3A91400C87748 /* Model */,
				C4B156A028C3CEF700C87748 /* View */,
				C4B1569D28C3CAE100C87748 /* Controller */,
				9BF94DC328C2ABA200F6D640 /* AppDelegate.swift */,
				9BF94DC528C2ABA200F6D640 /* SceneDelegate.swift */,
				9BF94DC728C2ABA200F6D640 /* ViewController.swift */,
				9BF94DD928C2AE7900F6D640 /* DetailViewController.swift */,
				9BF94DDB28C2B01100F6D640 /* ViewMoreViewController.swift */,
				9BF94DDD28C2BBA100F6D640 /* FavoritosViewController.swift */,
				9BF94DDF28C2BBB600F6D640 /* AyudaViewController.swift */,
				9BF94DC928C2ABA200F6D640 /* Main.storyboard */,
				9BF94DCE28C2ABA300F6D640 /* LaunchScreen.storyboard */,
				9BF94DD128C2ABA300F6D640 /* Info.plist */,
				9BF94DE328C2BEE700F6D640 /* Assets.xcassets */,
			);
			path = NavigationApp;
			sourceTree = "<group>";
		};
		C4B1568828C39DF800C87748 /* Helpers */ = {
			isa = PBXGroup;
			children = (
				C4B1568928C39E8000C87748 /* CustomImageView.swift */,
				C4B1568A28C39E8000C87748 /* CustomUIView.swift */,
			);
			path = Helpers;
			sourceTree = "<group>";
		};
		C4B1568F28C3A85700C87748 /* Data */ = {
			isa = PBXGroup;
			children = (
				C4B1569028C3A85700C87748 /* movies.json */,
				C4B1569128C3A85700C87748 /* genres.json */,
			);
			path = Data;
			sourceTree = "<group>";
		};
		C4B1569428C3A91400C87748 /* Model */ = {
			isa = PBXGroup;
			children = (
				C4B1569528C3A9A800C87748 /* Movie.swift */,
				C4B1569928C3BB6600C87748 /* Genre.swift */,
				C4B1569728C3AE1C00C87748 /* MovieDataManager.swift */,
				C4B1569B28C3BBC700C87748 /* GenreDataManager.swift */,
			);
			path = Model;
			sourceTree = "<group>";
		};
		C4B1569D28C3CAE100C87748 /* Controller */ = {
			isa = PBXGroup;
			children = (
				9BF94DD728C2AE6400F6D640 /* HomeViewController.swift */,
			);
			path = Controller;
			sourceTree = "<group>";
		};
		C4B156A028C3CEF700C87748 /* View */ = {
			isa = PBXGroup;
			children = (
				C4B156A328C3CF5C00C87748 /* GenreCellCollectionViewCell.swift */,
			);
			path = View;
			sourceTree = "<group>";
		};
/* End PBXGroup section */

/* Begin PBXNativeTarget section */
		9BF94DBF28C2ABA200F6D640 /* NavigationApp */ = {
			isa = PBXNativeTarget;
			buildConfigurationList = 9BF94DD428C2ABA300F6D640 /* Build configuration list for PBXNativeTarget "NavigationApp" */;
			buildPhases = (
				9BF94DBC28C2ABA200F6D640 /* Sources */,
				9BF94DBD28C2ABA200F6D640 /* Frameworks */,
				9BF94DBE28C2ABA200F6D640 /* Resources */,
			);
			buildRules = (
			);
			dependencies = (
			);
			name = NavigationApp;
			productName = NavigationApp;
			productReference = 9BF94DC028C2ABA200F6D640 /* NavigationApp.app */;
			productType = "com.apple.product-type.application";
		};
/* End PBXNativeTarget section */

/* Begin PBXProject section */
		9BF94DB828C2ABA200F6D640 /* Project object */ = {
			isa = PBXProject;
			attributes = {
				BuildIndependentTargetsInParallel = 1;
				LastSwiftUpdateCheck = 1340;
				LastUpgradeCheck = 1340;
				TargetAttributes = {
					9BF94DBF28C2ABA200F6D640 = {
						CreatedOnToolsVersion = 13.4.1;
					};
				};
			};
			buildConfigurationList = 9BF94DBB28C2ABA200F6D640 /* Build configuration list for PBXProject "NavigationApp" */;
			compatibilityVersion = "Xcode 13.0";
			developmentRegion = en;
			hasScannedForEncodings = 0;
			knownRegions = (
				en,
				Base,
			);
			mainGroup = 9BF94DB728C2ABA200F6D640;
			productRefGroup = 9BF94DC128C2ABA200F6D640 /* Products */;
			projectDirPath = "";
			projectRoot = "";
			targets = (
				9BF94DBF28C2ABA200F6D640 /* NavigationApp */,
			);
		};
/* End PBXProject section */

/* Begin PBXResourcesBuildPhase section */
		9BF94DBE28C2ABA200F6D640 /* Resources */ = {
			isa = PBXResourcesBuildPhase;
			buildActionMask = 2147483647;
			files = (
				9BF94DD028C2ABA300F6D640 /* LaunchScreen.storyboard in Resources */,
				9BF94DE428C2BEE700F6D640 /* Assets.xcassets in Resources */,
				C4B1569328C3A85700C87748 /* genres.json in Resources */,
				C4B1569228C3A85700C87748 /* movies.json in Resources */,
				9BF94DCB28C2ABA200F6D640 /* Main.storyboard in Resources */,
			);
			runOnlyForDeploymentPostprocessing = 0;
		};
/* End PBXResourcesBuildPhase section */

/* Begin PBXSourcesBuildPhase section */
		9BF94DBC28C2ABA200F6D640 /* Sources */ = {
			isa = PBXSourcesBuildPhase;
			buildActionMask = 2147483647;
			files = (
				9BF94DDC28C2B01100F6D640 /* ViewMoreViewController.swift in Sources */,
				C4B1568C28C39E8000C87748 /* CustomUIView.swift in Sources */,
				C4B1568B28C39E8000C87748 /* CustomImageView.swift in Sources */,
				C4B1569C28C3BBC700C87748 /* GenreDataManager.swift in Sources */,
				9BF94DDE28C2BBA100F6D640 /* FavoritosViewController.swift in Sources */,
				C4B1569828C3AE1C00C87748 /* MovieDataManager.swift in Sources */,
				9BF94DC828C2ABA200F6D640 /* ViewController.swift in Sources */,
				9BF94DC428C2ABA200F6D640 /* AppDelegate.swift in Sources */,
				9BF94DDA28C2AE7900F6D640 /* DetailViewController.swift in Sources */,
				9BF94DC628C2ABA200F6D640 /* SceneDelegate.swift in Sources */,
				C4B1569A28C3BB6600C87748 /* Genre.swift in Sources */,
				9BF94DD828C2AE6400F6D640 /* HomeViewController.swift in Sources */,
				C4B1569628C3A9A800C87748 /* Movie.swift in Sources */,
				C4B156A428C3CF5C00C87748 /* GenreCellCollectionViewCell.swift in Sources */,
				9BF94DE028C2BBB600F6D640 /* AyudaViewController.swift in Sources */,
			);
			runOnlyForDeploymentPostprocessing = 0;
		};
/* End PBXSourcesBuildPhase section */

/* Begin PBXVariantGroup section */
		9BF94DC928C2ABA200F6D640 /* Main.storyboard */ = {
			isa = PBXVariantGroup;
			children = (
				9BF94DCA28C2ABA200F6D640 /* Base */,
			);
			name = Main.storyboard;
			sourceTree = "<group>";
		};
		9BF94DCE28C2ABA300F6D640 /* LaunchScreen.storyboard */ = {
			isa = PBXVariantGroup;
			children = (
				9BF94DCF28C2ABA300F6D640 /* Base */,
			);
			name = LaunchScreen.storyboard;
			sourceTree = "<group>";
		};
/* End PBXVariantGroup section */

/* Begin XCBuildConfiguration section */
		9BF94DD228C2ABA300F6D640 /* Debug */ = {
			isa = XCBuildConfiguration;
			buildSettings = {
				ALWAYS_SEARCH_USER_PATHS = NO;
				CLANG_ANALYZER_NONNULL = YES;
				CLANG_ANALYZER_NUMBER_OBJECT_CONVERSION = YES_AGGRESSIVE;
				CLANG_CXX_LANGUAGE_STANDARD = "gnu++17";
				CLANG_ENABLE_MODULES = YES;
				CLANG_ENABLE_OBJC_ARC = YES;
				CLANG_ENABLE_OBJC_WEAK = YES;
				CLANG_WARN_BLOCK_CAPTURE_AUTORELEASING = YES;
				CLANG_WARN_BOOL_CONVERSION = YES;
				CLANG_WARN_COMMA = YES;
				CLANG_WARN_CONSTANT_CONVERSION = YES;
				CLANG_WARN_DEPRECATED_OBJC_IMPLEMENTATIONS = YES;
				CLANG_WARN_DIRECT_OBJC_ISA_USAGE = YES_ERROR;
				CLANG_WARN_DOCUMENTATION_COMMENTS = YES;
				CLANG_WARN_EMPTY_BODY = YES;
				CLANG_WARN_ENUM_CONVERSION = YES;
				CLANG_WARN_INFINITE_RECURSION = YES;
				CLANG_WARN_INT_CONVERSION = YES;
				CLANG_WARN_NON_LITERAL_NULL_CONVERSION = YES;
				CLANG_WARN_OBJC_IMPLICIT_RETAIN_SELF = YES;
				CLANG_WARN_OBJC_LITERAL_CONVERSION = YES;
				CLANG_WARN_OBJC_ROOT_CLASS = YES_ERROR;
				CLANG_WARN_QUOTED_INCLUDE_IN_FRAMEWORK_HEADER = YES;
				CLANG_WARN_RANGE_LOOP_ANALYSIS = YES;
				CLANG_WARN_STRICT_PROTOTYPES = YES;
				CLANG_WARN_SUSPICIOUS_MOVE = YES;
				CLANG_WARN_UNGUARDED_AVAILABILITY = YES_AGGRESSIVE;
				CLANG_WARN_UNREACHABLE_CODE = YES;
				CLANG_WARN__DUPLICATE_METHOD_MATCH = YES;
				COPY_PHASE_STRIP = NO;
				DEBUG_INFORMATION_FORMAT = dwarf;
				ENABLE_STRICT_OBJC_MSGSEND = YES;
				ENABLE_TESTABILITY = YES;
				GCC_C_LANGUAGE_STANDARD = gnu11;
				GCC_DYNAMIC_NO_PIC = NO;
				GCC_NO_COMMON_BLOCKS = YES;
				GCC_OPTIMIZATION_LEVEL = 0;
				GCC_PREPROCESSOR_DEFINITIONS = (
					"DEBUG=1",
					"$(inherited)",
				);
				GCC_WARN_64_TO_32_BIT_CONVERSION = YES;
				GCC_WARN_ABOUT_RETURN_TYPE = YES_ERROR;
				GCC_WARN_UNDECLARED_SELECTOR = YES;
				GCC_WARN_UNINITIALIZED_AUTOS = YES_AGGRESSIVE;
				GCC_WARN_UNUSED_FUNCTION = YES;
				GCC_WARN_UNUSED_VARIABLE = YES;
				IPHONEOS_DEPLOYMENT_TARGET = 15.5;
				MTL_ENABLE_DEBUG_INFO = INCLUDE_SOURCE;
				MTL_FAST_MATH = YES;
				ONLY_ACTIVE_ARCH = YES;
				SDKROOT = iphoneos;
				SWIFT_ACTIVE_COMPILATION_CONDITIONS = DEBUG;
				SWIFT_OPTIMIZATION_LEVEL = "-Onone";
			};
			name = Debug;
		};
		9BF94DD328C2ABA300F6D640 /* Release */ = {
			isa = XCBuildConfiguration;
			buildSettings = {
				ALWAYS_SEARCH_USER_PATHS = NO;
				CLANG_ANALYZER_NONNULL = YES;
				CLANG_ANALYZER_NUMBER_OBJECT_CONVERSION = YES_AGGRESSIVE;
				CLANG_CXX_LANGUAGE_STANDARD = "gnu++17";
				CLANG_ENABLE_MODULES = YES;
				CLANG_ENABLE_OBJC_ARC = YES;
				CLANG_ENABLE_OBJC_WEAK = YES;
				CLANG_WARN_BLOCK_CAPTURE_AUTORELEASING = YES;
				CLANG_WARN_BOOL_CONVERSION = YES;
				CLANG_WARN_COMMA = YES;
				CLANG_WARN_CONSTANT_CONVERSION = YES;
				CLANG_WARN_DEPRECATED_OBJC_IMPLEMENTATIONS = YES;
				CLANG_WARN_DIRECT_OBJC_ISA_USAGE = YES_ERROR;
				CLANG_WARN_DOCUMENTATION_COMMENTS = YES;
				CLANG_WARN_EMPTY_BODY = YES;
				CLANG_WARN_ENUM_CONVERSION = YES;
				CLANG_WARN_INFINITE_RECURSION = YES;
				CLANG_WARN_INT_CONVERSION = YES;
				CLANG_WARN_NON_LITERAL_NULL_CONVERSION = YES;
				CLANG_WARN_OBJC_IMPLICIT_RETAIN_SELF = YES;
				CLANG_WARN_OBJC_LITERAL_CONVERSION = YES;
				CLANG_WARN_OBJC_ROOT_CLASS = YES_ERROR;
				CLANG_WARN_QUOTED_INCLUDE_IN_FRAMEWORK_HEADER = YES;
				CLANG_WARN_RANGE_LOOP_ANALYSIS = YES;
				CLANG_WARN_STRICT_PROTOTYPES = YES;
				CLANG_WARN_SUSPICIOUS_MOVE = YES;
				CLANG_WARN_UNGUARDED_AVAILABILITY = YES_AGGRESSIVE;
				CLANG_WARN_UNREACHABLE_CODE = YES;
				CLANG_WARN__DUPLICATE_METHOD_MATCH = YES;
				COPY_PHASE_STRIP = NO;
				DEBUG_INFORMATION_FORMAT = "dwarf-with-dsym";
				ENABLE_NS_ASSERTIONS = NO;
				ENABLE_STRICT_OBJC_MSGSEND = YES;
				GCC_C_LANGUAGE_STANDARD = gnu11;
				GCC_NO_COMMON_BLOCKS = YES;
				GCC_WARN_64_TO_32_BIT_CONVERSION = YES;
				GCC_WARN_ABOUT_RETURN_TYPE = YES_ERROR;
				GCC_WARN_UNDECLARED_SELECTOR = YES;
				GCC_WARN_UNINITIALIZED_AUTOS = YES_AGGRESSIVE;
				GCC_WARN_UNUSED_FUNCTION = YES;
				GCC_WARN_UNUSED_VARIABLE = YES;
				IPHONEOS_DEPLOYMENT_TARGET = 15.5;
				MTL_ENABLE_DEBUG_INFO = NO;
				MTL_FAST_MATH = YES;
				SDKROOT = iphoneos;
				SWIFT_COMPILATION_MODE = wholemodule;
				SWIFT_OPTIMIZATION_LEVEL = "-O";
				VALIDATE_PRODUCT = YES;
			};
			name = Release;
		};
		9BF94DD528C2ABA300F6D640 /* Debug */ = {
			isa = XCBuildConfiguration;
			buildSettings = {
				ASSETCATALOG_COMPILER_APPICON_NAME = AppIcon;
				ASSETCATALOG_COMPILER_GLOBAL_ACCENT_COLOR_NAME = AccentColor;
				CODE_SIGN_STYLE = Automatic;
				CURRENT_PROJECT_VERSION = 1;
				DEVELOPMENT_TEAM = WC7W4GH5AD;
				GENERATE_INFOPLIST_FILE = YES;
				INFOPLIST_FILE = NavigationApp/Info.plist;
				INFOPLIST_KEY_UIApplicationSupportsIndirectInputEvents = YES;
				INFOPLIST_KEY_UILaunchStoryboardName = LaunchScreen;
				INFOPLIST_KEY_UIMainStoryboardFile = Main;
				INFOPLIST_KEY_UISupportedInterfaceOrientations_iPad = "UIInterfaceOrientationPortrait UIInterfaceOrientationPortraitUpsideDown UIInterfaceOrientationLandscapeLeft UIInterfaceOrientationLandscapeRight";
				INFOPLIST_KEY_UISupportedInterfaceOrientations_iPhone = "UIInterfaceOrientationPortrait UIInterfaceOrientationLandscapeLeft UIInterfaceOrientationLandscapeRight";
				LD_RUNPATH_SEARCH_PATHS = (
					"$(inherited)",
					"@executable_path/Frameworks",
				);
				MARKETING_VERSION = 1.0;
				PRODUCT_BUNDLE_IDENTIFIER = kevin.xd.NavigationApp;
				PRODUCT_NAME = "$(TARGET_NAME)";
				SWIFT_EMIT_LOC_STRINGS = YES;
				SWIFT_VERSION = 5.0;
				TARGETED_DEVICE_FAMILY = "1,2";
			};
			name = Debug;
		};
		9BF94DD628C2ABA300F6D640 /* Release */ = {
			isa = XCBuildConfiguration;
			buildSettings = {
				ASSETCATALOG_COMPILER_APPICON_NAME = AppIcon;
				ASSETCATALOG_COMPILER_GLOBAL_ACCENT_COLOR_NAME = AccentColor;
				CODE_SIGN_STYLE = Automatic;
				CURRENT_PROJECT_VERSION = 1;
				DEVELOPMENT_TEAM = WC7W4GH5AD;
				GENERATE_INFOPLIST_FILE = YES;
				INFOPLIST_FILE = NavigationApp/Info.plist;
				INFOPLIST_KEY_UIApplicationSupportsIndirectInputEvents = YES;
				INFOPLIST_KEY_UILaunchStoryboardName = LaunchScreen;
				INFOPLIST_KEY_UIMainStoryboardFile = Main;
				INFOPLIST_KEY_UISupportedInterfaceOrientations_iPad = "UIInterfaceOrientationPortrait UIInterfaceOrientationPortraitUpsideDown UIInterfaceOrientationLandscapeLeft UIInterfaceOrientationLandscapeRight";
				INFOPLIST_KEY_UISupportedInterfaceOrientations_iPhone = "UIInterfaceOrientationPortrait UIInterfaceOrientationLandscapeLeft UIInterfaceOrientationLandscapeRight";
				LD_RUNPATH_SEARCH_PATHS = (
					"$(inherited)",
					"@executable_path/Frameworks",
				);
				MARKETING_VERSION = 1.0;
				PRODUCT_BUNDLE_IDENTIFIER = kevin.xd.NavigationApp;
				PRODUCT_NAME = "$(TARGET_NAME)";
				SWIFT_EMIT_LOC_STRINGS = YES;
				SWIFT_VERSION = 5.0;
				TARGETED_DEVICE_FAMILY = "1,2";
			};
			name = Release;
		};
/* End XCBuildConfiguration section */

/* Begin XCConfigurationList section */
		9BF94DBB28C2ABA200F6D640 /* Build configuration list for PBXProject "NavigationApp" */ = {
			isa = XCConfigurationList;
			buildConfigurations = (
				9BF94DD228C2ABA300F6D640 /* Debug */,
				9BF94DD328C2ABA300F6D640 /* Release */,
			);
			defaultConfigurationIsVisible = 0;
			defaultConfigurationName = Release;
		};
		9BF94DD428C2ABA300F6D640 /* Build configuration list for PBXNativeTarget "NavigationApp" */ = {
			isa = XCConfigurationList;
			buildConfigurations = (
				9BF94DD528C2ABA300F6D640 /* Debug */,
				9BF94DD628C2ABA300F6D640 /* Release */,
			);
			defaultConfigurationIsVisible = 0;
			defaultConfigurationName = Release;
		};
/* End XCConfigurationList section */
	};
	rootObject = 9BF94DB828C2ABA200F6D640 /* Project object */;
}
